// !$*UTF8*$!
{
	archiveVersion = 1;
	classes = {
	};
	objectVersion = 42;
	objects = {

/* Begin PBXBuildFile section */
		1B92156C16D1E64900B44BF9 /* ofxDuration.cpp in Sources */ = {isa = PBXBuildFile; fileRef = 1B92156116D1E64900B44BF9 /* ofxDuration.cpp */; };
		1B92159B16D1E65800B44BF9 /* IpEndpointName.cpp in Sources */ = {isa = PBXBuildFile; fileRef = 1B92157716D1E65800B44BF9 /* IpEndpointName.cpp */; };
		1B9215A016D1E65800B44BF9 /* OscOutboundPacketStream.cpp in Sources */ = {isa = PBXBuildFile; fileRef = 1B92158716D1E65800B44BF9 /* OscOutboundPacketStream.cpp */; };
		1B9215A116D1E65800B44BF9 /* OscPrintReceivedElements.cpp in Sources */ = {isa = PBXBuildFile; fileRef = 1B92158A16D1E65800B44BF9 /* OscPrintReceivedElements.cpp */; };
		1B9215A216D1E65800B44BF9 /* OscReceivedElements.cpp in Sources */ = {isa = PBXBuildFile; fileRef = 1B92158C16D1E65800B44BF9 /* OscReceivedElements.cpp */; };
		1B9215A316D1E65800B44BF9 /* OscTypes.cpp in Sources */ = {isa = PBXBuildFile; fileRef = 1B92158E16D1E65800B44BF9 /* OscTypes.cpp */; };
		1B9215A416D1E65800B44BF9 /* ofxOscBundle.cpp in Sources */ = {isa = PBXBuildFile; fileRef = 1B92159316D1E65800B44BF9 /* ofxOscBundle.cpp */; };
		1B9215A516D1E65800B44BF9 /* ofxOscMessage.cpp in Sources */ = {isa = PBXBuildFile; fileRef = 1B92159516D1E65800B44BF9 /* ofxOscMessage.cpp */; };
		1B9215A616D1E65800B44BF9 /* ofxOscReceiver.cpp in Sources */ = {isa = PBXBuildFile; fileRef = 1B92159716D1E65800B44BF9 /* ofxOscReceiver.cpp */; };
		1B9215A716D1E65800B44BF9 /* ofxOscSender.cpp in Sources */ = {isa = PBXBuildFile; fileRef = 1B92159916D1E65800B44BF9 /* ofxOscSender.cpp */; };
		1BBBB0C216D729FA0030D3CA /* BloomPass.cpp in Sources */ = {isa = PBXBuildFile; fileRef = 1BBBB0A916D729FA0030D3CA /* BloomPass.cpp */; };
		1BBBB0C316D729FA0030D3CA /* ConvolutionPass.cpp in Sources */ = {isa = PBXBuildFile; fileRef = 1BBBB0AB16D729FA0030D3CA /* ConvolutionPass.cpp */; };
		1BBBB0C416D729FA0030D3CA /* DofAltPass.cpp in Sources */ = {isa = PBXBuildFile; fileRef = 1BBBB0AD16D729FA0030D3CA /* DofAltPass.cpp */; };
		1BBBB0C516D729FA0030D3CA /* DofPass.cpp in Sources */ = {isa = PBXBuildFile; fileRef = 1BBBB0AF16D729FA0030D3CA /* DofPass.cpp */; };
		1BBBB0C616D729FA0030D3CA /* EdgePass.cpp in Sources */ = {isa = PBXBuildFile; fileRef = 1BBBB0B116D729FA0030D3CA /* EdgePass.cpp */; };
		1BBBB0C716D729FA0030D3CA /* FxaaPass.cpp in Sources */ = {isa = PBXBuildFile; fileRef = 1BBBB0B316D729FA0030D3CA /* FxaaPass.cpp */; };
		1BBBB0C816D729FA0030D3CA /* KaleidoscopePass.cpp in Sources */ = {isa = PBXBuildFile; fileRef = 1BBBB0B516D729FA0030D3CA /* KaleidoscopePass.cpp */; };
		1BBBB0C916D729FA0030D3CA /* LUTPass.cpp in Sources */ = {isa = PBXBuildFile; fileRef = 1BBBB0B716D729FA0030D3CA /* LUTPass.cpp */; };
		1BBBB0CA16D729FA0030D3CA /* NoiseWarpPass.cpp in Sources */ = {isa = PBXBuildFile; fileRef = 1BBBB0B916D729FA0030D3CA /* NoiseWarpPass.cpp */; };
		1BBBB0CB16D729FA0030D3CA /* PixelatePass.cpp in Sources */ = {isa = PBXBuildFile; fileRef = 1BBBB0BC16D729FA0030D3CA /* PixelatePass.cpp */; };
		1BBBB0CC16D729FA0030D3CA /* PostProcessing.cpp in Sources */ = {isa = PBXBuildFile; fileRef = 1BBBB0BE16D729FA0030D3CA /* PostProcessing.cpp */; };
		1BBBB0CD16D729FA0030D3CA /* RenderPass.cpp in Sources */ = {isa = PBXBuildFile; fileRef = 1BBBB0C016D729FA0030D3CA /* RenderPass.cpp */; };
		1BBE654D16DAFBF8007782FD /* Syphon.framework in Frameworks */ = {isa = PBXBuildFile; fileRef = 1BBE653716DAFBF8007782FD /* Syphon.framework */; };
		1BBE654E16DAFBF8007782FD /* SyphonDirectoryObserver.m in Sources */ = {isa = PBXBuildFile; fileRef = 1BBE653A16DAFBF8007782FD /* SyphonDirectoryObserver.m */; };
		1BBE654F16DAFBF8007782FD /* SyphonNameboundClient.m in Sources */ = {isa = PBXBuildFile; fileRef = 1BBE653C16DAFBF8007782FD /* SyphonNameboundClient.m */; };
		1BBE655016DAFBF8007782FD /* ofxSyphonClient.mm in Sources */ = {isa = PBXBuildFile; fileRef = 1BBE654116DAFBF8007782FD /* ofxSyphonClient.mm */; };
		1BBE655116DAFBF8007782FD /* ofxSyphonServer.mm in Sources */ = {isa = PBXBuildFile; fileRef = 1BBE654316DAFBF8007782FD /* ofxSyphonServer.mm */; };
		1BBE655216DAFBF8007782FD /* ofxSyphonServerDirectory.mm in Sources */ = {isa = PBXBuildFile; fileRef = 1BBE654516DAFBF8007782FD /* ofxSyphonServerDirectory.mm */; };
		1BBE655A16DAFC28007782FD /* Syphon.framework in CopyFiles */ = {isa = PBXBuildFile; fileRef = 1BBE655916DAFC28007782FD /* Syphon.framework */; };
		1BF52C4316D1EA4200F34FAD /* NetworkingUtils.cpp in Sources */ = {isa = PBXBuildFile; fileRef = 1BF52C4116D1EA4200F34FAD /* NetworkingUtils.cpp */; };
		1BF52C4416D1EA4200F34FAD /* UdpSocket.cpp in Sources */ = {isa = PBXBuildFile; fileRef = 1BF52C4216D1EA4200F34FAD /* UdpSocket.cpp */; };
		BBAB23CB13894F3D00AA2426 /* GLUT.framework in CopyFiles */ = {isa = PBXBuildFile; fileRef = BBAB23BE13894E4700AA2426 /* GLUT.framework */; };
		E391A14316CF940600446B9B /* tinyxml.cpp in Sources */ = {isa = PBXBuildFile; fileRef = E391A13C16CF940600446B9B /* tinyxml.cpp */; };
		E391A14416CF940600446B9B /* tinyxmlerror.cpp in Sources */ = {isa = PBXBuildFile; fileRef = E391A13E16CF940600446B9B /* tinyxmlerror.cpp */; };
		E391A14516CF940600446B9B /* tinyxmlparser.cpp in Sources */ = {isa = PBXBuildFile; fileRef = E391A13F16CF940600446B9B /* tinyxmlparser.cpp */; };
		E391A14616CF940600446B9B /* ofxXmlSettings.cpp in Sources */ = {isa = PBXBuildFile; fileRef = E391A14116CF940600446B9B /* ofxXmlSettings.cpp */; };
		E4328149138ABC9F0047C5CB /* openFrameworksDebug.a in Frameworks */ = {isa = PBXBuildFile; fileRef = E4328148138ABC890047C5CB /* openFrameworksDebug.a */; };
		E45BE97B0E8CC7DD009D7055 /* AGL.framework in Frameworks */ = {isa = PBXBuildFile; fileRef = E45BE9710E8CC7DD009D7055 /* AGL.framework */; };
		E45BE97C0E8CC7DD009D7055 /* ApplicationServices.framework in Frameworks */ = {isa = PBXBuildFile; fileRef = E45BE9720E8CC7DD009D7055 /* ApplicationServices.framework */; };
		E45BE97D0E8CC7DD009D7055 /* AudioToolbox.framework in Frameworks */ = {isa = PBXBuildFile; fileRef = E45BE9730E8CC7DD009D7055 /* AudioToolbox.framework */; };
		E45BE97E0E8CC7DD009D7055 /* Carbon.framework in Frameworks */ = {isa = PBXBuildFile; fileRef = E45BE9740E8CC7DD009D7055 /* Carbon.framework */; };
		E45BE97F0E8CC7DD009D7055 /* CoreAudio.framework in Frameworks */ = {isa = PBXBuildFile; fileRef = E45BE9750E8CC7DD009D7055 /* CoreAudio.framework */; };
		E45BE9800E8CC7DD009D7055 /* CoreFoundation.framework in Frameworks */ = {isa = PBXBuildFile; fileRef = E45BE9760E8CC7DD009D7055 /* CoreFoundation.framework */; };
		E45BE9810E8CC7DD009D7055 /* CoreServices.framework in Frameworks */ = {isa = PBXBuildFile; fileRef = E45BE9770E8CC7DD009D7055 /* CoreServices.framework */; };
		E45BE9830E8CC7DD009D7055 /* OpenGL.framework in Frameworks */ = {isa = PBXBuildFile; fileRef = E45BE9790E8CC7DD009D7055 /* OpenGL.framework */; };
		E45BE9840E8CC7DD009D7055 /* QuickTime.framework in Frameworks */ = {isa = PBXBuildFile; fileRef = E45BE97A0E8CC7DD009D7055 /* QuickTime.framework */; };
		E4B69E200A3A1BDC003C02F2 /* main.cpp in Sources */ = {isa = PBXBuildFile; fileRef = E4B69E1D0A3A1BDC003C02F2 /* main.cpp */; };
		E4B69E210A3A1BDC003C02F2 /* testApp.cpp in Sources */ = {isa = PBXBuildFile; fileRef = E4B69E1E0A3A1BDC003C02F2 /* testApp.cpp */; };
		E4C2424710CC5A17004149E2 /* AppKit.framework in Frameworks */ = {isa = PBXBuildFile; fileRef = E4C2424410CC5A17004149E2 /* AppKit.framework */; };
		E4C2424810CC5A17004149E2 /* Cocoa.framework in Frameworks */ = {isa = PBXBuildFile; fileRef = E4C2424510CC5A17004149E2 /* Cocoa.framework */; };
		E4C2424910CC5A17004149E2 /* IOKit.framework in Frameworks */ = {isa = PBXBuildFile; fileRef = E4C2424610CC5A17004149E2 /* IOKit.framework */; };
		E4EB6799138ADC1D00A09F29 /* GLUT.framework in Frameworks */ = {isa = PBXBuildFile; fileRef = BBAB23BE13894E4700AA2426 /* GLUT.framework */; };
		E7E077E515D3B63C0020DFD4 /* CoreVideo.framework in Frameworks */ = {isa = PBXBuildFile; fileRef = E7E077E415D3B63C0020DFD4 /* CoreVideo.framework */; };
		E7E077E815D3B6510020DFD4 /* QTKit.framework in Frameworks */ = {isa = PBXBuildFile; fileRef = E7E077E715D3B6510020DFD4 /* QTKit.framework */; };
		E7F985F815E0DEA3003869B5 /* Accelerate.framework in Frameworks */ = {isa = PBXBuildFile; fileRef = E7F985F515E0DE99003869B5 /* Accelerate.framework */; };
/* End PBXBuildFile section */

/* Begin PBXContainerItemProxy section */
		E4328147138ABC890047C5CB /* PBXContainerItemProxy */ = {
			isa = PBXContainerItemProxy;
			containerPortal = E4328143138ABC890047C5CB /* openFrameworksLib.xcodeproj */;
			proxyType = 2;
			remoteGlobalIDString = E4B27C1510CBEB8E00536013;
			remoteInfo = openFrameworks;
		};
		E4EEB9AB138B136A00A80321 /* PBXContainerItemProxy */ = {
			isa = PBXContainerItemProxy;
			containerPortal = E4328143138ABC890047C5CB /* openFrameworksLib.xcodeproj */;
			proxyType = 1;
			remoteGlobalIDString = E4B27C1410CBEB8E00536013;
			remoteInfo = openFrameworks;
		};
/* End PBXContainerItemProxy section */

/* Begin PBXCopyFilesBuildPhase section */
		E4C2427710CC5ABF004149E2 /* CopyFiles */ = {
			isa = PBXCopyFilesBuildPhase;
			buildActionMask = 2147483647;
			dstPath = "";
			dstSubfolderSpec = 10;
			files = (
				1BBE655A16DAFC28007782FD /* Syphon.framework in CopyFiles */,
				BBAB23CB13894F3D00AA2426 /* GLUT.framework in CopyFiles */,
			);
			runOnlyForDeploymentPostprocessing = 0;
		};
/* End PBXCopyFilesBuildPhase section */

/* Begin PBXFileReference section */
		1B92156116D1E64900B44BF9 /* ofxDuration.cpp */ = {isa = PBXFileReference; fileEncoding = 4; lastKnownFileType = sourcecode.cpp.cpp; path = ofxDuration.cpp; sourceTree = "<group>"; };
		1B92156216D1E64900B44BF9 /* ofxDuration.h */ = {isa = PBXFileReference; fileEncoding = 4; lastKnownFileType = sourcecode.c.h; path = ofxDuration.h; sourceTree = "<group>"; };
		1B92156316D1E64900B44BF9 /* ofxDurationEvents.h */ = {isa = PBXFileReference; fileEncoding = 4; lastKnownFileType = sourcecode.c.h; path = ofxDurationEvents.h; sourceTree = "<group>"; };
		1B92156416D1E64900B44BF9 /* ofxDurationTrack.h */ = {isa = PBXFileReference; fileEncoding = 4; lastKnownFileType = sourcecode.c.h; path = ofxDurationTrack.h; sourceTree = "<group>"; };
		1B92157216D1E65800B44BF9 /* install.xml */ = {isa = PBXFileReference; fileEncoding = 4; lastKnownFileType = text.xml; path = install.xml; sourceTree = "<group>"; };
		1B92157716D1E65800B44BF9 /* IpEndpointName.cpp */ = {isa = PBXFileReference; fileEncoding = 4; lastKnownFileType = sourcecode.cpp.cpp; path = IpEndpointName.cpp; sourceTree = "<group>"; };
		1B92157816D1E65800B44BF9 /* IpEndpointName.h */ = {isa = PBXFileReference; fileEncoding = 4; lastKnownFileType = sourcecode.c.h; path = IpEndpointName.h; sourceTree = "<group>"; };
		1B92157916D1E65800B44BF9 /* NetworkingUtils.h */ = {isa = PBXFileReference; fileEncoding = 4; lastKnownFileType = sourcecode.c.h; path = NetworkingUtils.h; sourceTree = "<group>"; };
		1B92157A16D1E65800B44BF9 /* PacketListener.h */ = {isa = PBXFileReference; fileEncoding = 4; lastKnownFileType = sourcecode.c.h; path = PacketListener.h; sourceTree = "<group>"; };
		1B92157E16D1E65800B44BF9 /* TimerListener.h */ = {isa = PBXFileReference; fileEncoding = 4; lastKnownFileType = sourcecode.c.h; path = TimerListener.h; sourceTree = "<group>"; };
		1B92157F16D1E65800B44BF9 /* UdpSocket.h */ = {isa = PBXFileReference; fileEncoding = 4; lastKnownFileType = sourcecode.c.h; path = UdpSocket.h; sourceTree = "<group>"; };
		1B92158416D1E65800B44BF9 /* MessageMappingOscPacketListener.h */ = {isa = PBXFileReference; fileEncoding = 4; lastKnownFileType = sourcecode.c.h; path = MessageMappingOscPacketListener.h; sourceTree = "<group>"; };
		1B92158516D1E65800B44BF9 /* OscException.h */ = {isa = PBXFileReference; fileEncoding = 4; lastKnownFileType = sourcecode.c.h; path = OscException.h; sourceTree = "<group>"; };
		1B92158616D1E65800B44BF9 /* OscHostEndianness.h */ = {isa = PBXFileReference; fileEncoding = 4; lastKnownFileType = sourcecode.c.h; path = OscHostEndianness.h; sourceTree = "<group>"; };
		1B92158716D1E65800B44BF9 /* OscOutboundPacketStream.cpp */ = {isa = PBXFileReference; fileEncoding = 4; lastKnownFileType = sourcecode.cpp.cpp; path = OscOutboundPacketStream.cpp; sourceTree = "<group>"; };
		1B92158816D1E65800B44BF9 /* OscOutboundPacketStream.h */ = {isa = PBXFileReference; fileEncoding = 4; lastKnownFileType = sourcecode.c.h; path = OscOutboundPacketStream.h; sourceTree = "<group>"; };
		1B92158916D1E65800B44BF9 /* OscPacketListener.h */ = {isa = PBXFileReference; fileEncoding = 4; lastKnownFileType = sourcecode.c.h; path = OscPacketListener.h; sourceTree = "<group>"; };
		1B92158A16D1E65800B44BF9 /* OscPrintReceivedElements.cpp */ = {isa = PBXFileReference; fileEncoding = 4; lastKnownFileType = sourcecode.cpp.cpp; path = OscPrintReceivedElements.cpp; sourceTree = "<group>"; };
		1B92158B16D1E65800B44BF9 /* OscPrintReceivedElements.h */ = {isa = PBXFileReference; fileEncoding = 4; lastKnownFileType = sourcecode.c.h; path = OscPrintReceivedElements.h; sourceTree = "<group>"; };
		1B92158C16D1E65800B44BF9 /* OscReceivedElements.cpp */ = {isa = PBXFileReference; fileEncoding = 4; lastKnownFileType = sourcecode.cpp.cpp; path = OscReceivedElements.cpp; sourceTree = "<group>"; };
		1B92158D16D1E65800B44BF9 /* OscReceivedElements.h */ = {isa = PBXFileReference; fileEncoding = 4; lastKnownFileType = sourcecode.c.h; path = OscReceivedElements.h; sourceTree = "<group>"; };
		1B92158E16D1E65800B44BF9 /* OscTypes.cpp */ = {isa = PBXFileReference; fileEncoding = 4; lastKnownFileType = sourcecode.cpp.cpp; path = OscTypes.cpp; sourceTree = "<group>"; };
		1B92158F16D1E65800B44BF9 /* OscTypes.h */ = {isa = PBXFileReference; fileEncoding = 4; lastKnownFileType = sourcecode.c.h; path = OscTypes.h; sourceTree = "<group>"; };
		1B92159116D1E65800B44BF9 /* ofxOsc.h */ = {isa = PBXFileReference; fileEncoding = 4; lastKnownFileType = sourcecode.c.h; path = ofxOsc.h; sourceTree = "<group>"; };
		1B92159216D1E65800B44BF9 /* ofxOscArg.h */ = {isa = PBXFileReference; fileEncoding = 4; lastKnownFileType = sourcecode.c.h; path = ofxOscArg.h; sourceTree = "<group>"; };
		1B92159316D1E65800B44BF9 /* ofxOscBundle.cpp */ = {isa = PBXFileReference; fileEncoding = 4; lastKnownFileType = sourcecode.cpp.cpp; path = ofxOscBundle.cpp; sourceTree = "<group>"; };
		1B92159416D1E65800B44BF9 /* ofxOscBundle.h */ = {isa = PBXFileReference; fileEncoding = 4; lastKnownFileType = sourcecode.c.h; path = ofxOscBundle.h; sourceTree = "<group>"; };
		1B92159516D1E65800B44BF9 /* ofxOscMessage.cpp */ = {isa = PBXFileReference; fileEncoding = 4; lastKnownFileType = sourcecode.cpp.cpp; path = ofxOscMessage.cpp; sourceTree = "<group>"; };
		1B92159616D1E65800B44BF9 /* ofxOscMessage.h */ = {isa = PBXFileReference; fileEncoding = 4; lastKnownFileType = sourcecode.c.h; path = ofxOscMessage.h; sourceTree = "<group>"; };
		1B92159716D1E65800B44BF9 /* ofxOscReceiver.cpp */ = {isa = PBXFileReference; fileEncoding = 4; lastKnownFileType = sourcecode.cpp.cpp; path = ofxOscReceiver.cpp; sourceTree = "<group>"; };
		1B92159816D1E65800B44BF9 /* ofxOscReceiver.h */ = {isa = PBXFileReference; fileEncoding = 4; lastKnownFileType = sourcecode.c.h; path = ofxOscReceiver.h; sourceTree = "<group>"; };
		1B92159916D1E65800B44BF9 /* ofxOscSender.cpp */ = {isa = PBXFileReference; fileEncoding = 4; lastKnownFileType = sourcecode.cpp.cpp; path = ofxOscSender.cpp; sourceTree = "<group>"; };
		1B92159A16D1E65800B44BF9 /* ofxOscSender.h */ = {isa = PBXFileReference; fileEncoding = 4; lastKnownFileType = sourcecode.c.h; path = ofxOscSender.h; sourceTree = "<group>"; };
		1BBBB0A916D729FA0030D3CA /* BloomPass.cpp */ = {isa = PBXFileReference; fileEncoding = 4; lastKnownFileType = sourcecode.cpp.cpp; path = BloomPass.cpp; sourceTree = "<group>"; };
		1BBBB0AA16D729FA0030D3CA /* BloomPass.h */ = {isa = PBXFileReference; fileEncoding = 4; lastKnownFileType = sourcecode.c.h; path = BloomPass.h; sourceTree = "<group>"; };
		1BBBB0AB16D729FA0030D3CA /* ConvolutionPass.cpp */ = {isa = PBXFileReference; fileEncoding = 4; lastKnownFileType = sourcecode.cpp.cpp; path = ConvolutionPass.cpp; sourceTree = "<group>"; };
		1BBBB0AC16D729FA0030D3CA /* ConvolutionPass.h */ = {isa = PBXFileReference; fileEncoding = 4; lastKnownFileType = sourcecode.c.h; path = ConvolutionPass.h; sourceTree = "<group>"; };
		1BBBB0AD16D729FA0030D3CA /* DofAltPass.cpp */ = {isa = PBXFileReference; fileEncoding = 4; lastKnownFileType = sourcecode.cpp.cpp; path = DofAltPass.cpp; sourceTree = "<group>"; };
		1BBBB0AE16D729FA0030D3CA /* DofAltPass.h */ = {isa = PBXFileReference; fileEncoding = 4; lastKnownFileType = sourcecode.c.h; path = DofAltPass.h; sourceTree = "<group>"; };
		1BBBB0AF16D729FA0030D3CA /* DofPass.cpp */ = {isa = PBXFileReference; fileEncoding = 4; lastKnownFileType = sourcecode.cpp.cpp; path = DofPass.cpp; sourceTree = "<group>"; };
		1BBBB0B016D729FA0030D3CA /* DofPass.h */ = {isa = PBXFileReference; fileEncoding = 4; lastKnownFileType = sourcecode.c.h; path = DofPass.h; sourceTree = "<group>"; };
		1BBBB0B116D729FA0030D3CA /* EdgePass.cpp */ = {isa = PBXFileReference; fileEncoding = 4; lastKnownFileType = sourcecode.cpp.cpp; path = EdgePass.cpp; sourceTree = "<group>"; };
		1BBBB0B216D729FA0030D3CA /* EdgePass.h */ = {isa = PBXFileReference; fileEncoding = 4; lastKnownFileType = sourcecode.c.h; path = EdgePass.h; sourceTree = "<group>"; };
		1BBBB0B316D729FA0030D3CA /* FxaaPass.cpp */ = {isa = PBXFileReference; fileEncoding = 4; lastKnownFileType = sourcecode.cpp.cpp; path = FxaaPass.cpp; sourceTree = "<group>"; };
		1BBBB0B416D729FA0030D3CA /* FxaaPass.h */ = {isa = PBXFileReference; fileEncoding = 4; lastKnownFileType = sourcecode.c.h; path = FxaaPass.h; sourceTree = "<group>"; };
		1BBBB0B516D729FA0030D3CA /* KaleidoscopePass.cpp */ = {isa = PBXFileReference; fileEncoding = 4; lastKnownFileType = sourcecode.cpp.cpp; path = KaleidoscopePass.cpp; sourceTree = "<group>"; };
		1BBBB0B616D729FA0030D3CA /* KaleidoscopePass.h */ = {isa = PBXFileReference; fileEncoding = 4; lastKnownFileType = sourcecode.c.h; path = KaleidoscopePass.h; sourceTree = "<group>"; };
		1BBBB0B716D729FA0030D3CA /* LUTPass.cpp */ = {isa = PBXFileReference; fileEncoding = 4; lastKnownFileType = sourcecode.cpp.cpp; path = LUTPass.cpp; sourceTree = "<group>"; };
		1BBBB0B816D729FA0030D3CA /* LUTPass.h */ = {isa = PBXFileReference; fileEncoding = 4; lastKnownFileType = sourcecode.c.h; path = LUTPass.h; sourceTree = "<group>"; };
		1BBBB0B916D729FA0030D3CA /* NoiseWarpPass.cpp */ = {isa = PBXFileReference; fileEncoding = 4; lastKnownFileType = sourcecode.cpp.cpp; path = NoiseWarpPass.cpp; sourceTree = "<group>"; };
		1BBBB0BA16D729FA0030D3CA /* NoiseWarpPass.h */ = {isa = PBXFileReference; fileEncoding = 4; lastKnownFileType = sourcecode.c.h; path = NoiseWarpPass.h; sourceTree = "<group>"; };
		1BBBB0BB16D729FA0030D3CA /* ofxPostProcessing.h */ = {isa = PBXFileReference; fileEncoding = 4; lastKnownFileType = sourcecode.c.h; path = ofxPostProcessing.h; sourceTree = "<group>"; };
		1BBBB0BC16D729FA0030D3CA /* PixelatePass.cpp */ = {isa = PBXFileReference; fileEncoding = 4; lastKnownFileType = sourcecode.cpp.cpp; path = PixelatePass.cpp; sourceTree = "<group>"; };
		1BBBB0BD16D729FA0030D3CA /* PixelatePass.h */ = {isa = PBXFileReference; fileEncoding = 4; lastKnownFileType = sourcecode.c.h; path = PixelatePass.h; sourceTree = "<group>"; };
		1BBBB0BE16D729FA0030D3CA /* PostProcessing.cpp */ = {isa = PBXFileReference; fileEncoding = 4; lastKnownFileType = sourcecode.cpp.cpp; path = PostProcessing.cpp; sourceTree = "<group>"; };
		1BBBB0BF16D729FA0030D3CA /* PostProcessing.h */ = {isa = PBXFileReference; fileEncoding = 4; lastKnownFileType = sourcecode.c.h; path = PostProcessing.h; sourceTree = "<group>"; };
		1BBBB0C016D729FA0030D3CA /* RenderPass.cpp */ = {isa = PBXFileReference; fileEncoding = 4; lastKnownFileType = sourcecode.cpp.cpp; path = RenderPass.cpp; sourceTree = "<group>"; };
		1BBBB0C116D729FA0030D3CA /* RenderPass.h */ = {isa = PBXFileReference; fileEncoding = 4; lastKnownFileType = sourcecode.c.h; path = RenderPass.h; sourceTree = "<group>"; };
		1BBE653716DAFBF8007782FD /* Syphon.framework */ = {isa = PBXFileReference; lastKnownFileType = wrapper.framework; path = Syphon.framework; sourceTree = "<group>"; };
		1BBE653916DAFBF8007782FD /* SyphonDirectoryObserver.h */ = {isa = PBXFileReference; fileEncoding = 4; lastKnownFileType = sourcecode.c.h; path = SyphonDirectoryObserver.h; sourceTree = "<group>"; };
		1BBE653A16DAFBF8007782FD /* SyphonDirectoryObserver.m */ = {isa = PBXFileReference; fileEncoding = 4; lastKnownFileType = sourcecode.c.objc; path = SyphonDirectoryObserver.m; sourceTree = "<group>"; };
		1BBE653B16DAFBF8007782FD /* SyphonNameboundClient.h */ = {isa = PBXFileReference; fileEncoding = 4; lastKnownFileType = sourcecode.c.h; path = SyphonNameboundClient.h; sourceTree = "<group>"; };
		1BBE653C16DAFBF8007782FD /* SyphonNameboundClient.m */ = {isa = PBXFileReference; fileEncoding = 4; lastKnownFileType = sourcecode.c.objc; path = SyphonNameboundClient.m; sourceTree = "<group>"; };
		1BBE653D16DAFBF8007782FD /* README */ = {isa = PBXFileReference; fileEncoding = 4; lastKnownFileType = text; path = README; sourceTree = "<group>"; };
		1BBE653F16DAFBF8007782FD /* ofxSyphon.h */ = {isa = PBXFileReference; fileEncoding = 4; lastKnownFileType = sourcecode.c.h; path = ofxSyphon.h; sourceTree = "<group>"; };
		1BBE654016DAFBF8007782FD /* ofxSyphonClient.h */ = {isa = PBXFileReference; fileEncoding = 4; lastKnownFileType = sourcecode.c.h; path = ofxSyphonClient.h; sourceTree = "<group>"; };
		1BBE654116DAFBF8007782FD /* ofxSyphonClient.mm */ = {isa = PBXFileReference; fileEncoding = 4; lastKnownFileType = sourcecode.cpp.objcpp; path = ofxSyphonClient.mm; sourceTree = "<group>"; };
		1BBE654216DAFBF8007782FD /* ofxSyphonServer.h */ = {isa = PBXFileReference; fileEncoding = 4; lastKnownFileType = sourcecode.c.h; path = ofxSyphonServer.h; sourceTree = "<group>"; };
		1BBE654316DAFBF8007782FD /* ofxSyphonServer.mm */ = {isa = PBXFileReference; fileEncoding = 4; lastKnownFileType = sourcecode.cpp.objcpp; path = ofxSyphonServer.mm; sourceTree = "<group>"; };
		1BBE654416DAFBF8007782FD /* ofxSyphonServerDirectory.h */ = {isa = PBXFileReference; fileEncoding = 4; lastKnownFileType = sourcecode.c.h; path = ofxSyphonServerDirectory.h; sourceTree = "<group>"; };
		1BBE654516DAFBF8007782FD /* ofxSyphonServerDirectory.mm */ = {isa = PBXFileReference; fileEncoding = 4; lastKnownFileType = sourcecode.cpp.objcpp; path = ofxSyphonServerDirectory.mm; sourceTree = "<group>"; };
		1BBE655916DAFC28007782FD /* Syphon.framework */ = {isa = PBXFileReference; lastKnownFileType = wrapper.framework; name = Syphon.framework; path = ../../../addons/ofxSyphon/libs/Syphon/lib/osx/Syphon.framework; sourceTree = "<group>"; };
		1BF52C3D16D1E86F00F34FAD /* .gitignore */ = {isa = PBXFileReference; fileEncoding = 4; lastKnownFileType = text; path = .gitignore; sourceTree = "<group>"; };
		1BF52C3F16D1E86F00F34FAD /* ofRange.h */ = {isa = PBXFileReference; fileEncoding = 4; lastKnownFileType = sourcecode.c.h; path = ofRange.h; sourceTree = "<group>"; };
		1BF52C4116D1EA4200F34FAD /* NetworkingUtils.cpp */ = {isa = PBXFileReference; fileEncoding = 4; lastKnownFileType = sourcecode.cpp.cpp; path = NetworkingUtils.cpp; sourceTree = "<group>"; };
		1BF52C4216D1EA4200F34FAD /* UdpSocket.cpp */ = {isa = PBXFileReference; fileEncoding = 4; lastKnownFileType = sourcecode.cpp.cpp; path = UdpSocket.cpp; sourceTree = "<group>"; };
		BBAB23BE13894E4700AA2426 /* GLUT.framework */ = {isa = PBXFileReference; lastKnownFileType = wrapper.framework; name = GLUT.framework; path = ../../../libs/glut/lib/osx/GLUT.framework; sourceTree = "<group>"; };
		E391A07C16CF93FD00446B9B /* ofxUI.h */ = {isa = PBXFileReference; fileEncoding = 4; lastKnownFileType = sourcecode.c.h; path = ofxUI.h; sourceTree = "<group>"; };
		E391A07D16CF93FD00446B9B /* ofxUI2DPad.h */ = {isa = PBXFileReference; fileEncoding = 4; lastKnownFileType = sourcecode.c.h; path = ofxUI2DPad.h; sourceTree = "<group>"; };
		E391A07E16CF93FD00446B9B /* ofxUIBiLabelSlider.h */ = {isa = PBXFileReference; fileEncoding = 4; lastKnownFileType = sourcecode.c.h; path = ofxUIBiLabelSlider.h; sourceTree = "<group>"; };
		E391A07F16CF93FD00446B9B /* ofxUIButton.h */ = {isa = PBXFileReference; fileEncoding = 4; lastKnownFileType = sourcecode.c.h; path = ofxUIButton.h; sourceTree = "<group>"; };
		E391A08016CF93FD00446B9B /* ofxUICanvas.h */ = {isa = PBXFileReference; fileEncoding = 4; lastKnownFileType = sourcecode.c.h; path = ofxUICanvas.h; sourceTree = "<group>"; };
		E391A08116CF93FD00446B9B /* ofxUICircleSlider.h */ = {isa = PBXFileReference; fileEncoding = 4; lastKnownFileType = sourcecode.c.h; path = ofxUICircleSlider.h; sourceTree = "<group>"; };
		E391A08216CF93FD00446B9B /* ofxUICustomImageButton.h */ = {isa = PBXFileReference; fileEncoding = 4; lastKnownFileType = sourcecode.c.h; path = ofxUICustomImageButton.h; sourceTree = "<group>"; };
		E391A08316CF93FD00446B9B /* ofxUIDropDownList.h */ = {isa = PBXFileReference; fileEncoding = 4; lastKnownFileType = sourcecode.c.h; path = ofxUIDropDownList.h; sourceTree = "<group>"; };
		E391A08416CF93FD00446B9B /* ofxUIEventArgs.h */ = {isa = PBXFileReference; fileEncoding = 4; lastKnownFileType = sourcecode.c.h; path = ofxUIEventArgs.h; sourceTree = "<group>"; };
		E391A08516CF93FD00446B9B /* ofxUIFPS.h */ = {isa = PBXFileReference; fileEncoding = 4; lastKnownFileType = sourcecode.c.h; path = ofxUIFPS.h; sourceTree = "<group>"; };
		E391A08616CF93FD00446B9B /* ofxUIFPSSlider.h */ = {isa = PBXFileReference; fileEncoding = 4; lastKnownFileType = sourcecode.c.h; path = ofxUIFPSSlider.h; sourceTree = "<group>"; };
		E391A08716CF93FD00446B9B /* ofxUIImage.h */ = {isa = PBXFileReference; fileEncoding = 4; lastKnownFileType = sourcecode.c.h; path = ofxUIImage.h; sourceTree = "<group>"; };
		E391A08816CF93FD00446B9B /* ofxUIImageButton.h */ = {isa = PBXFileReference; fileEncoding = 4; lastKnownFileType = sourcecode.c.h; path = ofxUIImageButton.h; sourceTree = "<group>"; };
		E391A08916CF93FD00446B9B /* ofxUIImageSampler.h */ = {isa = PBXFileReference; fileEncoding = 4; lastKnownFileType = sourcecode.c.h; path = ofxUIImageSampler.h; sourceTree = "<group>"; };
		E391A08A16CF93FD00446B9B /* ofxUIImageSlider.h */ = {isa = PBXFileReference; fileEncoding = 4; lastKnownFileType = sourcecode.c.h; path = ofxUIImageSlider.h; sourceTree = "<group>"; };
		E391A08B16CF93FD00446B9B /* ofxUIImageToggle.h */ = {isa = PBXFileReference; fileEncoding = 4; lastKnownFileType = sourcecode.c.h; path = ofxUIImageToggle.h; sourceTree = "<group>"; };
		E391A08C16CF93FD00446B9B /* ofxUILabel.h */ = {isa = PBXFileReference; fileEncoding = 4; lastKnownFileType = sourcecode.c.h; path = ofxUILabel.h; sourceTree = "<group>"; };
		E391A08D16CF93FD00446B9B /* ofxUILabelButton.h */ = {isa = PBXFileReference; fileEncoding = 4; lastKnownFileType = sourcecode.c.h; path = ofxUILabelButton.h; sourceTree = "<group>"; };
		E391A08E16CF93FD00446B9B /* ofxUILabelToggle.h */ = {isa = PBXFileReference; fileEncoding = 4; lastKnownFileType = sourcecode.c.h; path = ofxUILabelToggle.h; sourceTree = "<group>"; };
		E391A08F16CF93FD00446B9B /* ofxUIMinimalSlider.h */ = {isa = PBXFileReference; fileEncoding = 4; lastKnownFileType = sourcecode.c.h; path = ofxUIMinimalSlider.h; sourceTree = "<group>"; };
		E391A09016CF93FD00446B9B /* ofxUIMovingGraph.h */ = {isa = PBXFileReference; fileEncoding = 4; lastKnownFileType = sourcecode.c.h; path = ofxUIMovingGraph.h; sourceTree = "<group>"; };
		E391A09116CF93FD00446B9B /* ofxUIMultiImageButton.h */ = {isa = PBXFileReference; fileEncoding = 4; lastKnownFileType = sourcecode.c.h; path = ofxUIMultiImageButton.h; sourceTree = "<group>"; };
		E391A09216CF93FD00446B9B /* ofxUIMultiImageSlider.h */ = {isa = PBXFileReference; fileEncoding = 4; lastKnownFileType = sourcecode.c.h; path = ofxUIMultiImageSlider.h; sourceTree = "<group>"; };
		E391A09316CF93FD00446B9B /* ofxUIMultiImageToggle.h */ = {isa = PBXFileReference; fileEncoding = 4; lastKnownFileType = sourcecode.c.h; path = ofxUIMultiImageToggle.h; sourceTree = "<group>"; };
		E391A09416CF93FD00446B9B /* ofxUINumberDialer.h */ = {isa = PBXFileReference; fileEncoding = 4; lastKnownFileType = sourcecode.c.h; path = ofxUINumberDialer.h; sourceTree = "<group>"; };
		E391A09516CF93FD00446B9B /* ofxUIRadio.h */ = {isa = PBXFileReference; fileEncoding = 4; lastKnownFileType = sourcecode.c.h; path = ofxUIRadio.h; sourceTree = "<group>"; };
		E391A09616CF93FD00446B9B /* ofxUIRangeSlider.h */ = {isa = PBXFileReference; fileEncoding = 4; lastKnownFileType = sourcecode.c.h; path = ofxUIRangeSlider.h; sourceTree = "<group>"; };
		E391A09716CF93FD00446B9B /* ofxUIRectangle.h */ = {isa = PBXFileReference; fileEncoding = 4; lastKnownFileType = sourcecode.c.h; path = ofxUIRectangle.h; sourceTree = "<group>"; };
		E391A09816CF93FD00446B9B /* ofxUIRotarySlider.h */ = {isa = PBXFileReference; fileEncoding = 4; lastKnownFileType = sourcecode.c.h; path = ofxUIRotarySlider.h; sourceTree = "<group>"; };
		E391A09916CF93FD00446B9B /* ofxUIScrollableCanvas.h */ = {isa = PBXFileReference; fileEncoding = 4; lastKnownFileType = sourcecode.c.h; path = ofxUIScrollableCanvas.h; sourceTree = "<group>"; };
		E391A09A16CF93FD00446B9B /* ofxUISlider.h */ = {isa = PBXFileReference; fileEncoding = 4; lastKnownFileType = sourcecode.c.h; path = ofxUISlider.h; sourceTree = "<group>"; };
		E391A09B16CF93FD00446B9B /* ofxUISpacer.h */ = {isa = PBXFileReference; fileEncoding = 4; lastKnownFileType = sourcecode.c.h; path = ofxUISpacer.h; sourceTree = "<group>"; };
		E391A09C16CF93FD00446B9B /* ofxUISpectrum.h */ = {isa = PBXFileReference; fileEncoding = 4; lastKnownFileType = sourcecode.c.h; path = ofxUISpectrum.h; sourceTree = "<group>"; };
		E391A09D16CF93FD00446B9B /* ofxUITextArea.h */ = {isa = PBXFileReference; fileEncoding = 4; lastKnownFileType = sourcecode.c.h; path = ofxUITextArea.h; sourceTree = "<group>"; };
		E391A09E16CF93FD00446B9B /* ofxUITextInput.h */ = {isa = PBXFileReference; fileEncoding = 4; lastKnownFileType = sourcecode.c.h; path = ofxUITextInput.h; sourceTree = "<group>"; };
		E391A09F16CF93FD00446B9B /* ofxUIToggle.h */ = {isa = PBXFileReference; fileEncoding = 4; lastKnownFileType = sourcecode.c.h; path = ofxUIToggle.h; sourceTree = "<group>"; };
		E391A0A016CF93FD00446B9B /* ofxUIToggleMatrix.h */ = {isa = PBXFileReference; fileEncoding = 4; lastKnownFileType = sourcecode.c.h; path = ofxUIToggleMatrix.h; sourceTree = "<group>"; };
		E391A0A116CF93FD00446B9B /* ofxUIWaveform.h */ = {isa = PBXFileReference; fileEncoding = 4; lastKnownFileType = sourcecode.c.h; path = ofxUIWaveform.h; sourceTree = "<group>"; };
		E391A0A216CF93FD00446B9B /* ofxUIWidget.h */ = {isa = PBXFileReference; fileEncoding = 4; lastKnownFileType = sourcecode.c.h; path = ofxUIWidget.h; sourceTree = "<group>"; };
		E391A0A316CF93FD00446B9B /* ofxUIWidgetWithLabel.h */ = {isa = PBXFileReference; fileEncoding = 4; lastKnownFileType = sourcecode.c.h; path = ofxUIWidgetWithLabel.h; sourceTree = "<group>"; };
		E391A13C16CF940600446B9B /* tinyxml.cpp */ = {isa = PBXFileReference; fileEncoding = 4; lastKnownFileType = sourcecode.cpp.cpp; path = tinyxml.cpp; sourceTree = "<group>"; };
		E391A13D16CF940600446B9B /* tinyxml.h */ = {isa = PBXFileReference; fileEncoding = 4; lastKnownFileType = sourcecode.c.h; path = tinyxml.h; sourceTree = "<group>"; };
		E391A13E16CF940600446B9B /* tinyxmlerror.cpp */ = {isa = PBXFileReference; fileEncoding = 4; lastKnownFileType = sourcecode.cpp.cpp; path = tinyxmlerror.cpp; sourceTree = "<group>"; };
		E391A13F16CF940600446B9B /* tinyxmlparser.cpp */ = {isa = PBXFileReference; fileEncoding = 4; lastKnownFileType = sourcecode.cpp.cpp; path = tinyxmlparser.cpp; sourceTree = "<group>"; };
		E391A14116CF940600446B9B /* ofxXmlSettings.cpp */ = {isa = PBXFileReference; fileEncoding = 4; lastKnownFileType = sourcecode.cpp.cpp; path = ofxXmlSettings.cpp; sourceTree = "<group>"; };
		E391A14216CF940600446B9B /* ofxXmlSettings.h */ = {isa = PBXFileReference; fileEncoding = 4; lastKnownFileType = sourcecode.c.h; path = ofxXmlSettings.h; sourceTree = "<group>"; };
		E4328143138ABC890047C5CB /* openFrameworksLib.xcodeproj */ = {isa = PBXFileReference; lastKnownFileType = "wrapper.pb-project"; name = openFrameworksLib.xcodeproj; path = ../../../libs/openFrameworksCompiled/project/osx/openFrameworksLib.xcodeproj; sourceTree = SOURCE_ROOT; };
		E45BE9710E8CC7DD009D7055 /* AGL.framework */ = {isa = PBXFileReference; lastKnownFileType = wrapper.framework; name = AGL.framework; path = /System/Library/Frameworks/AGL.framework; sourceTree = "<absolute>"; };
		E45BE9720E8CC7DD009D7055 /* ApplicationServices.framework */ = {isa = PBXFileReference; lastKnownFileType = wrapper.framework; name = ApplicationServices.framework; path = /System/Library/Frameworks/ApplicationServices.framework; sourceTree = "<absolute>"; };
		E45BE9730E8CC7DD009D7055 /* AudioToolbox.framework */ = {isa = PBXFileReference; lastKnownFileType = wrapper.framework; name = AudioToolbox.framework; path = /System/Library/Frameworks/AudioToolbox.framework; sourceTree = "<absolute>"; };
		E45BE9740E8CC7DD009D7055 /* Carbon.framework */ = {isa = PBXFileReference; lastKnownFileType = wrapper.framework; name = Carbon.framework; path = /System/Library/Frameworks/Carbon.framework; sourceTree = "<absolute>"; };
		E45BE9750E8CC7DD009D7055 /* CoreAudio.framework */ = {isa = PBXFileReference; lastKnownFileType = wrapper.framework; name = CoreAudio.framework; path = /System/Library/Frameworks/CoreAudio.framework; sourceTree = "<absolute>"; };
		E45BE9760E8CC7DD009D7055 /* CoreFoundation.framework */ = {isa = PBXFileReference; lastKnownFileType = wrapper.framework; name = CoreFoundation.framework; path = /System/Library/Frameworks/CoreFoundation.framework; sourceTree = "<absolute>"; };
		E45BE9770E8CC7DD009D7055 /* CoreServices.framework */ = {isa = PBXFileReference; lastKnownFileType = wrapper.framework; name = CoreServices.framework; path = /System/Library/Frameworks/CoreServices.framework; sourceTree = "<absolute>"; };
		E45BE9790E8CC7DD009D7055 /* OpenGL.framework */ = {isa = PBXFileReference; lastKnownFileType = wrapper.framework; name = OpenGL.framework; path = /System/Library/Frameworks/OpenGL.framework; sourceTree = "<absolute>"; };
		E45BE97A0E8CC7DD009D7055 /* QuickTime.framework */ = {isa = PBXFileReference; lastKnownFileType = wrapper.framework; name = QuickTime.framework; path = /System/Library/Frameworks/QuickTime.framework; sourceTree = "<absolute>"; };
		E4B69B5B0A3A1756003C02F2 /* billboardParticleDebug.app */ = {isa = PBXFileReference; explicitFileType = wrapper.application; includeInIndex = 0; path = billboardParticleDebug.app; sourceTree = BUILT_PRODUCTS_DIR; };
		E4B69E1D0A3A1BDC003C02F2 /* main.cpp */ = {isa = PBXFileReference; fileEncoding = 30; lastKnownFileType = sourcecode.cpp.cpp; name = main.cpp; path = src/main.cpp; sourceTree = SOURCE_ROOT; };
		E4B69E1E0A3A1BDC003C02F2 /* testApp.cpp */ = {isa = PBXFileReference; explicitFileType = sourcecode.cpp.cpp; fileEncoding = 30; name = testApp.cpp; path = src/testApp.cpp; sourceTree = SOURCE_ROOT; };
		E4B69E1F0A3A1BDC003C02F2 /* testApp.h */ = {isa = PBXFileReference; fileEncoding = 30; lastKnownFileType = sourcecode.c.h; name = testApp.h; path = src/testApp.h; sourceTree = SOURCE_ROOT; };
		E4B6FCAD0C3E899E008CF71C /* openFrameworks-Info.plist */ = {isa = PBXFileReference; fileEncoding = 30; lastKnownFileType = text.plist.xml; path = "openFrameworks-Info.plist"; sourceTree = "<group>"; };
		E4C2424410CC5A17004149E2 /* AppKit.framework */ = {isa = PBXFileReference; lastKnownFileType = wrapper.framework; name = AppKit.framework; path = /System/Library/Frameworks/AppKit.framework; sourceTree = "<absolute>"; };
		E4C2424510CC5A17004149E2 /* Cocoa.framework */ = {isa = PBXFileReference; lastKnownFileType = wrapper.framework; name = Cocoa.framework; path = /System/Library/Frameworks/Cocoa.framework; sourceTree = "<absolute>"; };
		E4C2424610CC5A17004149E2 /* IOKit.framework */ = {isa = PBXFileReference; lastKnownFileType = wrapper.framework; name = IOKit.framework; path = /System/Library/Frameworks/IOKit.framework; sourceTree = "<absolute>"; };
		E4EB691F138AFCF100A09F29 /* CoreOF.xcconfig */ = {isa = PBXFileReference; fileEncoding = 4; lastKnownFileType = text.xcconfig; name = CoreOF.xcconfig; path = ../../../libs/openFrameworksCompiled/project/osx/CoreOF.xcconfig; sourceTree = SOURCE_ROOT; };
		E4EB6923138AFD0F00A09F29 /* Project.xcconfig */ = {isa = PBXFileReference; fileEncoding = 4; lastKnownFileType = text.xcconfig; path = Project.xcconfig; sourceTree = "<group>"; };
		E7E077E415D3B63C0020DFD4 /* CoreVideo.framework */ = {isa = PBXFileReference; lastKnownFileType = wrapper.framework; name = CoreVideo.framework; path = /System/Library/Frameworks/CoreVideo.framework; sourceTree = "<absolute>"; };
		E7E077E715D3B6510020DFD4 /* QTKit.framework */ = {isa = PBXFileReference; lastKnownFileType = wrapper.framework; name = QTKit.framework; path = /System/Library/Frameworks/QTKit.framework; sourceTree = "<absolute>"; };
		E7F985F515E0DE99003869B5 /* Accelerate.framework */ = {isa = PBXFileReference; lastKnownFileType = wrapper.framework; name = Accelerate.framework; path = /System/Library/Frameworks/Accelerate.framework; sourceTree = "<absolute>"; };
/* End PBXFileReference section */

/* Begin PBXFrameworksBuildPhase section */
		E4B69B590A3A1756003C02F2 /* Frameworks */ = {
			isa = PBXFrameworksBuildPhase;
			buildActionMask = 2147483647;
			files = (
				E7F985F815E0DEA3003869B5 /* Accelerate.framework in Frameworks */,
				E7E077E815D3B6510020DFD4 /* QTKit.framework in Frameworks */,
				E4EB6799138ADC1D00A09F29 /* GLUT.framework in Frameworks */,
				E4328149138ABC9F0047C5CB /* openFrameworksDebug.a in Frameworks */,
				E45BE97B0E8CC7DD009D7055 /* AGL.framework in Frameworks */,
				E45BE97C0E8CC7DD009D7055 /* ApplicationServices.framework in Frameworks */,
				E45BE97D0E8CC7DD009D7055 /* AudioToolbox.framework in Frameworks */,
				E45BE97E0E8CC7DD009D7055 /* Carbon.framework in Frameworks */,
				E45BE97F0E8CC7DD009D7055 /* CoreAudio.framework in Frameworks */,
				E45BE9800E8CC7DD009D7055 /* CoreFoundation.framework in Frameworks */,
				E45BE9810E8CC7DD009D7055 /* CoreServices.framework in Frameworks */,
				E45BE9830E8CC7DD009D7055 /* OpenGL.framework in Frameworks */,
				E45BE9840E8CC7DD009D7055 /* QuickTime.framework in Frameworks */,
				E4C2424710CC5A17004149E2 /* AppKit.framework in Frameworks */,
				E4C2424810CC5A17004149E2 /* Cocoa.framework in Frameworks */,
				E4C2424910CC5A17004149E2 /* IOKit.framework in Frameworks */,
				E7E077E515D3B63C0020DFD4 /* CoreVideo.framework in Frameworks */,
				1BBE654D16DAFBF8007782FD /* Syphon.framework in Frameworks */,
			);
			runOnlyForDeploymentPostprocessing = 0;
		};
/* End PBXFrameworksBuildPhase section */

/* Begin PBXGroup section */
		1B92154816D1E64900B44BF9 /* ofxDuration */ = {
			isa = PBXGroup;
			children = (
				1B92156016D1E64900B44BF9 /* src */,
			);
			name = ofxDuration;
			path = ../../../addons/ofxDuration;
			sourceTree = "<group>";
		};
		1B92156016D1E64900B44BF9 /* src */ = {
			isa = PBXGroup;
			children = (
				1B92156116D1E64900B44BF9 /* ofxDuration.cpp */,
				1B92156216D1E64900B44BF9 /* ofxDuration.h */,
				1B92156316D1E64900B44BF9 /* ofxDurationEvents.h */,
				1B92156416D1E64900B44BF9 /* ofxDurationTrack.h */,
			);
			path = src;
			sourceTree = "<group>";
		};
		1B92157116D1E65800B44BF9 /* ofxOsc */ = {
			isa = PBXGroup;
			children = (
				1B92157216D1E65800B44BF9 /* install.xml */,
				1B92157316D1E65800B44BF9 /* libs */,
				1B92159016D1E65800B44BF9 /* src */,
			);
			name = ofxOsc;
			path = ../../../addons/ofxOsc;
			sourceTree = "<group>";
		};
		1B92157316D1E65800B44BF9 /* libs */ = {
			isa = PBXGroup;
			children = (
				1B92157416D1E65800B44BF9 /* oscpack */,
			);
			path = libs;
			sourceTree = "<group>";
		};
		1B92157416D1E65800B44BF9 /* oscpack */ = {
			isa = PBXGroup;
			children = (
				1B92157516D1E65800B44BF9 /* src */,
			);
			path = oscpack;
			sourceTree = "<group>";
		};
		1B92157516D1E65800B44BF9 /* src */ = {
			isa = PBXGroup;
			children = (
				1B92157616D1E65800B44BF9 /* ip */,
				1B92158316D1E65800B44BF9 /* osc */,
			);
			path = src;
			sourceTree = "<group>";
		};
		1B92157616D1E65800B44BF9 /* ip */ = {
			isa = PBXGroup;
			children = (
				1BF52C4016D1EA4200F34FAD /* posix */,
				1B92157716D1E65800B44BF9 /* IpEndpointName.cpp */,
				1B92157816D1E65800B44BF9 /* IpEndpointName.h */,
				1B92157916D1E65800B44BF9 /* NetworkingUtils.h */,
				1B92157A16D1E65800B44BF9 /* PacketListener.h */,
				1B92157E16D1E65800B44BF9 /* TimerListener.h */,
				1B92157F16D1E65800B44BF9 /* UdpSocket.h */,
			);
			path = ip;
			sourceTree = "<group>";
		};
		1B92158316D1E65800B44BF9 /* osc */ = {
			isa = PBXGroup;
			children = (
				1B92158416D1E65800B44BF9 /* MessageMappingOscPacketListener.h */,
				1B92158516D1E65800B44BF9 /* OscException.h */,
				1B92158616D1E65800B44BF9 /* OscHostEndianness.h */,
				1B92158716D1E65800B44BF9 /* OscOutboundPacketStream.cpp */,
				1B92158816D1E65800B44BF9 /* OscOutboundPacketStream.h */,
				1B92158916D1E65800B44BF9 /* OscPacketListener.h */,
				1B92158A16D1E65800B44BF9 /* OscPrintReceivedElements.cpp */,
				1B92158B16D1E65800B44BF9 /* OscPrintReceivedElements.h */,
				1B92158C16D1E65800B44BF9 /* OscReceivedElements.cpp */,
				1B92158D16D1E65800B44BF9 /* OscReceivedElements.h */,
				1B92158E16D1E65800B44BF9 /* OscTypes.cpp */,
				1B92158F16D1E65800B44BF9 /* OscTypes.h */,
			);
			path = osc;
			sourceTree = "<group>";
		};
		1B92159016D1E65800B44BF9 /* src */ = {
			isa = PBXGroup;
			children = (
				1B92159116D1E65800B44BF9 /* ofxOsc.h */,
				1B92159216D1E65800B44BF9 /* ofxOscArg.h */,
				1B92159316D1E65800B44BF9 /* ofxOscBundle.cpp */,
				1B92159416D1E65800B44BF9 /* ofxOscBundle.h */,
				1B92159516D1E65800B44BF9 /* ofxOscMessage.cpp */,
				1B92159616D1E65800B44BF9 /* ofxOscMessage.h */,
				1B92159716D1E65800B44BF9 /* ofxOscReceiver.cpp */,
				1B92159816D1E65800B44BF9 /* ofxOscReceiver.h */,
				1B92159916D1E65800B44BF9 /* ofxOscSender.cpp */,
				1B92159A16D1E65800B44BF9 /* ofxOscSender.h */,
			);
			path = src;
			sourceTree = "<group>";
		};
		1BBBB0A716D729E90030D3CA /* ofxPostProcessing */ = {
			isa = PBXGroup;
			children = (
				1BBBB0A816D729FA0030D3CA /* src */,
			);
			name = ofxPostProcessing;
			sourceTree = "<group>";
		};
		1BBBB0A816D729FA0030D3CA /* src */ = {
			isa = PBXGroup;
			children = (
				1BBBB0A916D729FA0030D3CA /* BloomPass.cpp */,
				1BBBB0AA16D729FA0030D3CA /* BloomPass.h */,
				1BBBB0AB16D729FA0030D3CA /* ConvolutionPass.cpp */,
				1BBBB0AC16D729FA0030D3CA /* ConvolutionPass.h */,
				1BBBB0AD16D729FA0030D3CA /* DofAltPass.cpp */,
				1BBBB0AE16D729FA0030D3CA /* DofAltPass.h */,
				1BBBB0AF16D729FA0030D3CA /* DofPass.cpp */,
				1BBBB0B016D729FA0030D3CA /* DofPass.h */,
				1BBBB0B116D729FA0030D3CA /* EdgePass.cpp */,
				1BBBB0B216D729FA0030D3CA /* EdgePass.h */,
				1BBBB0B316D729FA0030D3CA /* FxaaPass.cpp */,
				1BBBB0B416D729FA0030D3CA /* FxaaPass.h */,
				1BBBB0B516D729FA0030D3CA /* KaleidoscopePass.cpp */,
				1BBBB0B616D729FA0030D3CA /* KaleidoscopePass.h */,
				1BBBB0B716D729FA0030D3CA /* LUTPass.cpp */,
				1BBBB0B816D729FA0030D3CA /* LUTPass.h */,
				1BBBB0B916D729FA0030D3CA /* NoiseWarpPass.cpp */,
				1BBBB0BA16D729FA0030D3CA /* NoiseWarpPass.h */,
				1BBBB0BB16D729FA0030D3CA /* ofxPostProcessing.h */,
				1BBBB0BC16D729FA0030D3CA /* PixelatePass.cpp */,
				1BBBB0BD16D729FA0030D3CA /* PixelatePass.h */,
				1BBBB0BE16D729FA0030D3CA /* PostProcessing.cpp */,
				1BBBB0BF16D729FA0030D3CA /* PostProcessing.h */,
				1BBBB0C016D729FA0030D3CA /* RenderPass.cpp */,
				1BBBB0C116D729FA0030D3CA /* RenderPass.h */,
			);
			name = src;
			path = ../../../addons/ofxPostProcessing/src;
			sourceTree = "<group>";
		};
		1BBE650F16DAFBF7007782FD /* ofxSyphon */ = {
			isa = PBXGroup;
			children = (
				1BBE653316DAFBF8007782FD /* libs */,
				1BBE653D16DAFBF8007782FD /* README */,
				1BBE653E16DAFBF8007782FD /* src */,
			);
			name = ofxSyphon;
			path = ../../../addons/ofxSyphon;
			sourceTree = "<group>";
		};
		1BBE653316DAFBF8007782FD /* libs */ = {
			isa = PBXGroup;
			children = (
				1BBE653416DAFBF8007782FD /* Syphon */,
			);
			path = libs;
			sourceTree = "<group>";
		};
		1BBE653416DAFBF8007782FD /* Syphon */ = {
			isa = PBXGroup;
			children = (
				1BBE653516DAFBF8007782FD /* lib */,
				1BBE653816DAFBF8007782FD /* src */,
			);
			path = Syphon;
			sourceTree = "<group>";
		};
		1BBE653516DAFBF8007782FD /* lib */ = {
			isa = PBXGroup;
			children = (
				1BBE653616DAFBF8007782FD /* osx */,
			);
			path = lib;
			sourceTree = "<group>";
		};
		1BBE653616DAFBF8007782FD /* osx */ = {
			isa = PBXGroup;
			children = (
				1BBE653716DAFBF8007782FD /* Syphon.framework */,
			);
			path = osx;
			sourceTree = "<group>";
		};
		1BBE653816DAFBF8007782FD /* src */ = {
			isa = PBXGroup;
			children = (
				1BBE653916DAFBF8007782FD /* SyphonDirectoryObserver.h */,
				1BBE653A16DAFBF8007782FD /* SyphonDirectoryObserver.m */,
				1BBE653B16DAFBF8007782FD /* SyphonNameboundClient.h */,
				1BBE653C16DAFBF8007782FD /* SyphonNameboundClient.m */,
			);
			path = src;
			sourceTree = "<group>";
		};
		1BBE653E16DAFBF8007782FD /* src */ = {
			isa = PBXGroup;
			children = (
				1BBE653F16DAFBF8007782FD /* ofxSyphon.h */,
				1BBE654016DAFBF8007782FD /* ofxSyphonClient.h */,
				1BBE654116DAFBF8007782FD /* ofxSyphonClient.mm */,
				1BBE654216DAFBF8007782FD /* ofxSyphonServer.h */,
				1BBE654316DAFBF8007782FD /* ofxSyphonServer.mm */,
				1BBE654416DAFBF8007782FD /* ofxSyphonServerDirectory.h */,
				1BBE654516DAFBF8007782FD /* ofxSyphonServerDirectory.mm */,
			);
			path = src;
			sourceTree = "<group>";
		};
		1BF52C3C16D1E86F00F34FAD /* ofxRange */ = {
			isa = PBXGroup;
			children = (
				1BF52C3D16D1E86F00F34FAD /* .gitignore */,
				1BF52C3E16D1E86F00F34FAD /* src */,
			);
			name = ofxRange;
			path = ../../../addons/ofxRange;
			sourceTree = "<group>";
		};
		1BF52C3E16D1E86F00F34FAD /* src */ = {
			isa = PBXGroup;
			children = (
				1BF52C3F16D1E86F00F34FAD /* ofRange.h */,
			);
			path = src;
			sourceTree = "<group>";
		};
		1BF52C4016D1EA4200F34FAD /* posix */ = {
			isa = PBXGroup;
			children = (
				1BF52C4116D1EA4200F34FAD /* NetworkingUtils.cpp */,
				1BF52C4216D1EA4200F34FAD /* UdpSocket.cpp */,
			);
			path = posix;
			sourceTree = "<group>";
		};
		BB4B014C10F69532006C3DED /* addons */ = {
			isa = PBXGroup;
			children = (
				1BBE650F16DAFBF7007782FD /* ofxSyphon */,
				1BBBB0A716D729E90030D3CA /* ofxPostProcessing */,
				1BF52C3C16D1E86F00F34FAD /* ofxRange */,
				1B92157116D1E65800B44BF9 /* ofxOsc */,
				1B92154816D1E64900B44BF9 /* ofxDuration */,
				E391A13A16CF940600446B9B /* ofxXmlSettings */,
				E3919F0416CF93FC00446B9B /* ofxUI */,
			);
			name = addons;
			sourceTree = "<group>";
		};
		BBAB23C913894ECA00AA2426 /* system frameworks */ = {
			isa = PBXGroup;
			children = (
				E7F985F515E0DE99003869B5 /* Accelerate.framework */,
				E4C2424410CC5A17004149E2 /* AppKit.framework */,
				E4C2424510CC5A17004149E2 /* Cocoa.framework */,
				E4C2424610CC5A17004149E2 /* IOKit.framework */,
				E45BE9710E8CC7DD009D7055 /* AGL.framework */,
				E45BE9720E8CC7DD009D7055 /* ApplicationServices.framework */,
				E45BE9730E8CC7DD009D7055 /* AudioToolbox.framework */,
				E45BE9740E8CC7DD009D7055 /* Carbon.framework */,
				E45BE9750E8CC7DD009D7055 /* CoreAudio.framework */,
				E45BE9760E8CC7DD009D7055 /* CoreFoundation.framework */,
				E45BE9770E8CC7DD009D7055 /* CoreServices.framework */,
				E45BE9790E8CC7DD009D7055 /* OpenGL.framework */,
				E45BE97A0E8CC7DD009D7055 /* QuickTime.framework */,
				E7E077E415D3B63C0020DFD4 /* CoreVideo.framework */,
				E7E077E715D3B6510020DFD4 /* QTKit.framework */,
			);
			name = "system frameworks";
			sourceTree = "<group>";
		};
		BBAB23CA13894EDB00AA2426 /* 3rd party frameworks */ = {
			isa = PBXGroup;
			children = (
				BBAB23BE13894E4700AA2426 /* GLUT.framework */,
			);
			name = "3rd party frameworks";
			sourceTree = "<group>";
		};
		E3919F0416CF93FC00446B9B /* ofxUI */ = {
			isa = PBXGroup;
			children = (
				E391A07B16CF93FD00446B9B /* src */,
			);
			name = ofxUI;
			path = ../../../addons/ofxUI;
			sourceTree = "<group>";
		};
		E391A07B16CF93FD00446B9B /* src */ = {
			isa = PBXGroup;
			children = (
				E391A07C16CF93FD00446B9B /* ofxUI.h */,
				E391A07D16CF93FD00446B9B /* ofxUI2DPad.h */,
				E391A07E16CF93FD00446B9B /* ofxUIBiLabelSlider.h */,
				E391A07F16CF93FD00446B9B /* ofxUIButton.h */,
				E391A08016CF93FD00446B9B /* ofxUICanvas.h */,
				E391A08116CF93FD00446B9B /* ofxUICircleSlider.h */,
				E391A08216CF93FD00446B9B /* ofxUICustomImageButton.h */,
				E391A08316CF93FD00446B9B /* ofxUIDropDownList.h */,
				E391A08416CF93FD00446B9B /* ofxUIEventArgs.h */,
				E391A08516CF93FD00446B9B /* ofxUIFPS.h */,
				E391A08616CF93FD00446B9B /* ofxUIFPSSlider.h */,
				E391A08716CF93FD00446B9B /* ofxUIImage.h */,
				E391A08816CF93FD00446B9B /* ofxUIImageButton.h */,
				E391A08916CF93FD00446B9B /* ofxUIImageSampler.h */,
				E391A08A16CF93FD00446B9B /* ofxUIImageSlider.h */,
				E391A08B16CF93FD00446B9B /* ofxUIImageToggle.h */,
				E391A08C16CF93FD00446B9B /* ofxUILabel.h */,
				E391A08D16CF93FD00446B9B /* ofxUILabelButton.h */,
				E391A08E16CF93FD00446B9B /* ofxUILabelToggle.h */,
				E391A08F16CF93FD00446B9B /* ofxUIMinimalSlider.h */,
				E391A09016CF93FD00446B9B /* ofxUIMovingGraph.h */,
				E391A09116CF93FD00446B9B /* ofxUIMultiImageButton.h */,
				E391A09216CF93FD00446B9B /* ofxUIMultiImageSlider.h */,
				E391A09316CF93FD00446B9B /* ofxUIMultiImageToggle.h */,
				E391A09416CF93FD00446B9B /* ofxUINumberDialer.h */,
				E391A09516CF93FD00446B9B /* ofxUIRadio.h */,
				E391A09616CF93FD00446B9B /* ofxUIRangeSlider.h */,
				E391A09716CF93FD00446B9B /* ofxUIRectangle.h */,
				E391A09816CF93FD00446B9B /* ofxUIRotarySlider.h */,
				E391A09916CF93FD00446B9B /* ofxUIScrollableCanvas.h */,
				E391A09A16CF93FD00446B9B /* ofxUISlider.h */,
				E391A09B16CF93FD00446B9B /* ofxUISpacer.h */,
				E391A09C16CF93FD00446B9B /* ofxUISpectrum.h */,
				E391A09D16CF93FD00446B9B /* ofxUITextArea.h */,
				E391A09E16CF93FD00446B9B /* ofxUITextInput.h */,
				E391A09F16CF93FD00446B9B /* ofxUIToggle.h */,
				E391A0A016CF93FD00446B9B /* ofxUIToggleMatrix.h */,
				E391A0A116CF93FD00446B9B /* ofxUIWaveform.h */,
				E391A0A216CF93FD00446B9B /* ofxUIWidget.h */,
				E391A0A316CF93FD00446B9B /* ofxUIWidgetWithLabel.h */,
			);
			path = src;
			sourceTree = "<group>";
		};
		E391A13A16CF940600446B9B /* ofxXmlSettings */ = {
			isa = PBXGroup;
			children = (
				E391A13B16CF940600446B9B /* libs */,
				E391A14016CF940600446B9B /* src */,
			);
			name = ofxXmlSettings;
			path = ../../../addons/ofxXmlSettings;
			sourceTree = "<group>";
		};
		E391A13B16CF940600446B9B /* libs */ = {
			isa = PBXGroup;
			children = (
				E391A13C16CF940600446B9B /* tinyxml.cpp */,
				E391A13D16CF940600446B9B /* tinyxml.h */,
				E391A13E16CF940600446B9B /* tinyxmlerror.cpp */,
				E391A13F16CF940600446B9B /* tinyxmlparser.cpp */,
			);
			path = libs;
			sourceTree = "<group>";
		};
		E391A14016CF940600446B9B /* src */ = {
			isa = PBXGroup;
			children = (
				E391A14116CF940600446B9B /* ofxXmlSettings.cpp */,
				E391A14216CF940600446B9B /* ofxXmlSettings.h */,
			);
			path = src;
			sourceTree = "<group>";
		};
		E4328144138ABC890047C5CB /* Products */ = {
			isa = PBXGroup;
			children = (
				E4328148138ABC890047C5CB /* openFrameworksDebug.a */,
			);
			name = Products;
			sourceTree = "<group>";
		};
		E45BE5980E8CC70C009D7055 /* frameworks */ = {
			isa = PBXGroup;
			children = (
				BBAB23CA13894EDB00AA2426 /* 3rd party frameworks */,
				BBAB23C913894ECA00AA2426 /* system frameworks */,
			);
			name = frameworks;
			sourceTree = "<group>";
		};
		E4B69B4A0A3A1720003C02F2 = {
			isa = PBXGroup;
			children = (
				1BBE655916DAFC28007782FD /* Syphon.framework */,
				E4B6FCAD0C3E899E008CF71C /* openFrameworks-Info.plist */,
				E4EB6923138AFD0F00A09F29 /* Project.xcconfig */,
				E4B69E1C0A3A1BDC003C02F2 /* src */,
				E4EEC9E9138DF44700A80321 /* openFrameworks */,
				BB4B014C10F69532006C3DED /* addons */,
				E45BE5980E8CC70C009D7055 /* frameworks */,
				E4B69B5B0A3A1756003C02F2 /* billboardParticleDebug.app */,
			);
			sourceTree = "<group>";
		};
		E4B69E1C0A3A1BDC003C02F2 /* src */ = {
			isa = PBXGroup;
			children = (
				E4B69E1D0A3A1BDC003C02F2 /* main.cpp */,
				E4B69E1E0A3A1BDC003C02F2 /* testApp.cpp */,
				E4B69E1F0A3A1BDC003C02F2 /* testApp.h */,
			);
			path = src;
			sourceTree = SOURCE_ROOT;
		};
		E4EEC9E9138DF44700A80321 /* openFrameworks */ = {
			isa = PBXGroup;
			children = (
				E4EB691F138AFCF100A09F29 /* CoreOF.xcconfig */,
				E4328143138ABC890047C5CB /* openFrameworksLib.xcodeproj */,
			);
			name = openFrameworks;
			sourceTree = "<group>";
		};
/* End PBXGroup section */

/* Begin PBXNativeTarget section */
		E4B69B5A0A3A1756003C02F2 /* billboardParticle */ = {
			isa = PBXNativeTarget;
			buildConfigurationList = E4B69B5F0A3A1757003C02F2 /* Build configuration list for PBXNativeTarget "billboardParticle" */;
			buildPhases = (
				E4B69B580A3A1756003C02F2 /* Sources */,
				E4B69B590A3A1756003C02F2 /* Frameworks */,
				E4B6FFFD0C3F9AB9008CF71C /* ShellScript */,
				E4C2427710CC5ABF004149E2 /* CopyFiles */,
			);
			buildRules = (
			);
			dependencies = (
				E4EEB9AC138B136A00A80321 /* PBXTargetDependency */,
			);
			name = billboardParticle;
			productName = myOFApp;
			productReference = E4B69B5B0A3A1756003C02F2 /* billboardParticleDebug.app */;
			productType = "com.apple.product-type.application";
		};
/* End PBXNativeTarget section */

/* Begin PBXProject section */
		E4B69B4C0A3A1720003C02F2 /* Project object */ = {
			isa = PBXProject;
			buildConfigurationList = E4B69B4D0A3A1720003C02F2 /* Build configuration list for PBXProject "billboardParticle" */;
			compatibilityVersion = "Xcode 2.4";
			developmentRegion = English;
			hasScannedForEncodings = 0;
			knownRegions = (
				English,
				Japanese,
				French,
				German,
			);
			mainGroup = E4B69B4A0A3A1720003C02F2;
			productRefGroup = E4B69B4A0A3A1720003C02F2;
			projectDirPath = "";
			projectReferences = (
				{
					ProductGroup = E4328144138ABC890047C5CB /* Products */;
					ProjectRef = E4328143138ABC890047C5CB /* openFrameworksLib.xcodeproj */;
				},
			);
			projectRoot = "";
			targets = (
				E4B69B5A0A3A1756003C02F2 /* billboardParticle */,
			);
		};
/* End PBXProject section */

/* Begin PBXReferenceProxy section */
		E4328148138ABC890047C5CB /* openFrameworksDebug.a */ = {
			isa = PBXReferenceProxy;
			fileType = archive.ar;
			path = openFrameworksDebug.a;
			remoteRef = E4328147138ABC890047C5CB /* PBXContainerItemProxy */;
			sourceTree = BUILT_PRODUCTS_DIR;
		};
/* End PBXReferenceProxy section */

/* Begin PBXShellScriptBuildPhase section */
		E4B6FFFD0C3F9AB9008CF71C /* ShellScript */ = {
			isa = PBXShellScriptBuildPhase;
			buildActionMask = 2147483647;
			files = (
			);
			inputPaths = (
			);
			outputPaths = (
			);
			runOnlyForDeploymentPostprocessing = 0;
			shellPath = /bin/sh;
			shellScript = "cp -f ../../../libs/fmodex/lib/osx/libfmodex.dylib \"$TARGET_BUILD_DIR/$PRODUCT_NAME.app/Contents/MacOS/libfmodex.dylib\"; install_name_tool -change ./libfmodex.dylib @executable_path/libfmodex.dylib \"$TARGET_BUILD_DIR/$PRODUCT_NAME.app/Contents/MacOS/$PRODUCT_NAME\";";
		};
/* End PBXShellScriptBuildPhase section */

/* Begin PBXSourcesBuildPhase section */
		E4B69B580A3A1756003C02F2 /* Sources */ = {
			isa = PBXSourcesBuildPhase;
			buildActionMask = 2147483647;
			files = (
				E4B69E200A3A1BDC003C02F2 /* main.cpp in Sources */,
				E4B69E210A3A1BDC003C02F2 /* testApp.cpp in Sources */,
				E391A14316CF940600446B9B /* tinyxml.cpp in Sources */,
				E391A14416CF940600446B9B /* tinyxmlerror.cpp in Sources */,
				E391A14516CF940600446B9B /* tinyxmlparser.cpp in Sources */,
				E391A14616CF940600446B9B /* ofxXmlSettings.cpp in Sources */,
				1B92156C16D1E64900B44BF9 /* ofxDuration.cpp in Sources */,
				1B92159B16D1E65800B44BF9 /* IpEndpointName.cpp in Sources */,
				1B9215A016D1E65800B44BF9 /* OscOutboundPacketStream.cpp in Sources */,
				1B9215A116D1E65800B44BF9 /* OscPrintReceivedElements.cpp in Sources */,
				1B9215A216D1E65800B44BF9 /* OscReceivedElements.cpp in Sources */,
				1B9215A316D1E65800B44BF9 /* OscTypes.cpp in Sources */,
				1B9215A416D1E65800B44BF9 /* ofxOscBundle.cpp in Sources */,
				1B9215A516D1E65800B44BF9 /* ofxOscMessage.cpp in Sources */,
				1B9215A616D1E65800B44BF9 /* ofxOscReceiver.cpp in Sources */,
				1B9215A716D1E65800B44BF9 /* ofxOscSender.cpp in Sources */,
				1BF52C4316D1EA4200F34FAD /* NetworkingUtils.cpp in Sources */,
				1BF52C4416D1EA4200F34FAD /* UdpSocket.cpp in Sources */,
				1BBBB0C216D729FA0030D3CA /* BloomPass.cpp in Sources */,
				1BBBB0C316D729FA0030D3CA /* ConvolutionPass.cpp in Sources */,
				1BBBB0C416D729FA0030D3CA /* DofAltPass.cpp in Sources */,
				1BBBB0C516D729FA0030D3CA /* DofPass.cpp in Sources */,
				1BBBB0C616D729FA0030D3CA /* EdgePass.cpp in Sources */,
				1BBBB0C716D729FA0030D3CA /* FxaaPass.cpp in Sources */,
				1BBBB0C816D729FA0030D3CA /* KaleidoscopePass.cpp in Sources */,
				1BBBB0C916D729FA0030D3CA /* LUTPass.cpp in Sources */,
				1BBBB0CA16D729FA0030D3CA /* NoiseWarpPass.cpp in Sources */,
				1BBBB0CB16D729FA0030D3CA /* PixelatePass.cpp in Sources */,
				1BBBB0CC16D729FA0030D3CA /* PostProcessing.cpp in Sources */,
				1BBBB0CD16D729FA0030D3CA /* RenderPass.cpp in Sources */,
				1BBE654E16DAFBF8007782FD /* SyphonDirectoryObserver.m in Sources */,
				1BBE654F16DAFBF8007782FD /* SyphonNameboundClient.m in Sources */,
				1BBE655016DAFBF8007782FD /* ofxSyphonClient.mm in Sources */,
				1BBE655116DAFBF8007782FD /* ofxSyphonServer.mm in Sources */,
				1BBE655216DAFBF8007782FD /* ofxSyphonServerDirectory.mm in Sources */,
			);
			runOnlyForDeploymentPostprocessing = 0;
		};
/* End PBXSourcesBuildPhase section */

/* Begin PBXTargetDependency section */
		E4EEB9AC138B136A00A80321 /* PBXTargetDependency */ = {
			isa = PBXTargetDependency;
			name = openFrameworks;
			targetProxy = E4EEB9AB138B136A00A80321 /* PBXContainerItemProxy */;
		};
/* End PBXTargetDependency section */

/* Begin XCBuildConfiguration section */
		E4B69B4E0A3A1720003C02F2 /* Debug */ = {
			isa = XCBuildConfiguration;
			baseConfigurationReference = E4EB6923138AFD0F00A09F29 /* Project.xcconfig */;
			buildSettings = {
				ARCHS = "$(NATIVE_ARCH)";
				CONFIGURATION_BUILD_DIR = "$(SRCROOT)/bin/";
				COPY_PHASE_STRIP = NO;
				DEAD_CODE_STRIPPING = YES;
				GCC_AUTO_VECTORIZATION = YES;
				GCC_ENABLE_SSE3_EXTENSIONS = YES;
				GCC_ENABLE_SUPPLEMENTAL_SSE3_INSTRUCTIONS = YES;
				GCC_INLINES_ARE_PRIVATE_EXTERN = NO;
				GCC_OPTIMIZATION_LEVEL = 0;
				GCC_SYMBOLS_PRIVATE_EXTERN = NO;
				GCC_WARN_ABOUT_DEPRECATED_FUNCTIONS = YES;
				GCC_WARN_ABOUT_INVALID_OFFSETOF_MACRO = NO;
				GCC_WARN_ALLOW_INCOMPLETE_PROTOCOL = NO;
				GCC_WARN_UNINITIALIZED_AUTOS = NO;
				GCC_WARN_UNUSED_VALUE = NO;
				GCC_WARN_UNUSED_VARIABLE = NO;
				HEADER_SEARCH_PATHS = (
					"$(OF_CORE_HEADERS)",
					src,
					"$(OF_PATH)/addons/ofxOsc/libs/oscpack/src",
					"$(OF_PATH)/addons/ofxOsc/libs/oscpack/src/ip",
					"$(OF_PATH)/addons/ofxOsc/libs/oscpack/src/osc",
				);
				OTHER_CPLUSPLUSFLAGS = (
					"-D__MACOSX_CORE__",
					"-lpthread",
					"-mtune=native",
				);
				SDKROOT = "";
			};
			name = Debug;
		};
		E4B69B4F0A3A1720003C02F2 /* Release */ = {
			isa = XCBuildConfiguration;
			baseConfigurationReference = E4EB6923138AFD0F00A09F29 /* Project.xcconfig */;
			buildSettings = {
				ARCHS = "$(NATIVE_ARCH)";
				CONFIGURATION_BUILD_DIR = "$(SRCROOT)/bin/";
				COPY_PHASE_STRIP = YES;
				DEAD_CODE_STRIPPING = YES;
				GCC_AUTO_VECTORIZATION = YES;
				GCC_ENABLE_SSE3_EXTENSIONS = YES;
				GCC_ENABLE_SUPPLEMENTAL_SSE3_INSTRUCTIONS = YES;
				GCC_INLINES_ARE_PRIVATE_EXTERN = NO;
				GCC_OPTIMIZATION_LEVEL = 3;
				GCC_SYMBOLS_PRIVATE_EXTERN = NO;
				GCC_UNROLL_LOOPS = YES;
				GCC_WARN_ABOUT_DEPRECATED_FUNCTIONS = YES;
				GCC_WARN_ABOUT_INVALID_OFFSETOF_MACRO = NO;
				GCC_WARN_ALLOW_INCOMPLETE_PROTOCOL = NO;
				GCC_WARN_UNINITIALIZED_AUTOS = NO;
				GCC_WARN_UNUSED_VALUE = NO;
				GCC_WARN_UNUSED_VARIABLE = NO;
				HEADER_SEARCH_PATHS = (
					"$(OF_CORE_HEADERS)",
					src,
					"$(OF_PATH)/addons/ofxOsc/libs/oscpack/src",
					"$(OF_PATH)/addons/ofxOsc/libs/oscpack/src/ip",
					"$(OF_PATH)/addons/ofxOsc/libs/oscpack/src/osc",
				);
				OTHER_CPLUSPLUSFLAGS = (
					"-D__MACOSX_CORE__",
					"-lpthread",
					"-mtune=native",
				);
				SDKROOT = "";
			};
			name = Release;
		};
		E4B69B600A3A1757003C02F2 /* Debug */ = {
			isa = XCBuildConfiguration;
			buildSettings = {
				COPY_PHASE_STRIP = NO;
				FRAMEWORK_SEARCH_PATHS = (
					"$(inherited)",
					"$(FRAMEWORK_SEARCH_PATHS_QUOTED_FOR_TARGET_1)",
					"$(FRAMEWORK_SEARCH_PATHS_QUOTED_FOR_TARGET_2)",
				);
				FRAMEWORK_SEARCH_PATHS_QUOTED_FOR_TARGET_1 = "\"$(SRCROOT)/../../../libs/glut/lib/osx\"";
				FRAMEWORK_SEARCH_PATHS_QUOTED_FOR_TARGET_2 = "\"$(SRCROOT)/../../../addons/ofxSyphon/libs/Syphon/lib/osx\"";
				GCC_DYNAMIC_NO_PIC = NO;
				GCC_ENABLE_FIX_AND_CONTINUE = YES;
				GCC_GENERATE_DEBUGGING_SYMBOLS = YES;
				GCC_MODEL_TUNING = NONE;
				GCC_PRECOMPILE_PREFIX_HEADER = YES;
				GCC_PREFIX_HEADER = "$(SYSTEM_LIBRARY_DIR)/Frameworks/Carbon.framework/Headers/Carbon.h";
				INFOPLIST_FILE = "openFrameworks-Info.plist";
				INSTALL_PATH = "$(HOME)/Applications";
				LIBRARY_SEARCH_PATHS = (
					"$(inherited)",
					"$(LIBRARY_SEARCH_PATHS_QUOTED_FOR_TARGET_1)",
					"$(LIBRARY_SEARCH_PATHS_QUOTED_FOR_TARGET_2)",
					"$(LIBRARY_SEARCH_PATHS_QUOTED_FOR_TARGET_3)",
					"$(LIBRARY_SEARCH_PATHS_QUOTED_FOR_TARGET_4)",
					"$(LIBRARY_SEARCH_PATHS_QUOTED_FOR_TARGET_5)",
					"$(LIBRARY_SEARCH_PATHS_QUOTED_FOR_TARGET_6)",
					"$(LIBRARY_SEARCH_PATHS_QUOTED_FOR_TARGET_7)",
					"$(LIBRARY_SEARCH_PATHS_QUOTED_FOR_TARGET_8)",
					"$(LIBRARY_SEARCH_PATHS_QUOTED_FOR_TARGET_9)",
					"$(LIBRARY_SEARCH_PATHS_QUOTED_FOR_TARGET_10)",
					"$(LIBRARY_SEARCH_PATHS_QUOTED_FOR_TARGET_11)",
					"$(LIBRARY_SEARCH_PATHS_QUOTED_FOR_TARGET_12)",
					"$(LIBRARY_SEARCH_PATHS_QUOTED_FOR_TARGET_13)",
					"$(LIBRARY_SEARCH_PATHS_QUOTED_FOR_TARGET_14)",
					"$(LIBRARY_SEARCH_PATHS_QUOTED_FOR_TARGET_15)",
					"$(LIBRARY_SEARCH_PATHS_QUOTED_FOR_TARGET_2)",
					"$(LIBRARY_SEARCH_PATHS_QUOTED_FOR_TARGET_3)",
					"$(LIBRARY_SEARCH_PATHS_QUOTED_FOR_TARGET_7)",
					"$(LIBRARY_SEARCH_PATHS_QUOTED_FOR_TARGET_8)",
					"$(LIBRARY_SEARCH_PATHS_QUOTED_FOR_TARGET_9)",
					"$(LIBRARY_SEARCH_PATHS_QUOTED_FOR_TARGET_10)",
					"$(LIBRARY_SEARCH_PATHS_QUOTED_FOR_TARGET_11)",
					"$(LIBRARY_SEARCH_PATHS_QUOTED_FOR_TARGET_12)",
					"$(LIBRARY_SEARCH_PATHS_QUOTED_FOR_TARGET_13)",
					"$(LIBRARY_SEARCH_PATHS_QUOTED_FOR_TARGET_16)",
					"$(LIBRARY_SEARCH_PATHS_QUOTED_FOR_TARGET_17)",
					"$(LIBRARY_SEARCH_PATHS_QUOTED_FOR_TARGET_18)",
					"$(LIBRARY_SEARCH_PATHS_QUOTED_FOR_TARGET_19)",
					"$(LIBRARY_SEARCH_PATHS_QUOTED_FOR_TARGET_20)",
					"$(LIBRARY_SEARCH_PATHS_QUOTED_FOR_TARGET_21)",
					"$(LIBRARY_SEARCH_PATHS_QUOTED_FOR_TARGET_22)",
					"$(LIBRARY_SEARCH_PATHS_QUOTED_FOR_TARGET_23)",
					"$(LIBRARY_SEARCH_PATHS_QUOTED_FOR_TARGET_24)",
					"$(LIBRARY_SEARCH_PATHS_QUOTED_FOR_TARGET_25)",
					"$(LIBRARY_SEARCH_PATHS_QUOTED_FOR_TARGET_26)",
					"$(LIBRARY_SEARCH_PATHS_QUOTED_FOR_TARGET_27)",
					"$(LIBRARY_SEARCH_PATHS_QUOTED_FOR_TARGET_28)",
					"$(LIBRARY_SEARCH_PATHS_QUOTED_FOR_TARGET_29)",
					"$(LIBRARY_SEARCH_PATHS_QUOTED_FOR_TARGET_30)",
					"$(LIBRARY_SEARCH_PATHS_QUOTED_FOR_TARGET_31)",
					"$(LIBRARY_SEARCH_PATHS_QUOTED_FOR_TARGET_32)",
					"$(LIBRARY_SEARCH_PATHS_QUOTED_FOR_TARGET_33)",
					"$(LIBRARY_SEARCH_PATHS_QUOTED_FOR_TARGET_34)",
					"$(LIBRARY_SEARCH_PATHS_QUOTED_FOR_TARGET_35)",
					"$(LIBRARY_SEARCH_PATHS_QUOTED_FOR_TARGET_36)",
					"$(LIBRARY_SEARCH_PATHS_QUOTED_FOR_TARGET_37)",
					"$(LIBRARY_SEARCH_PATHS_QUOTED_FOR_TARGET_38)",
					"$(LIBRARY_SEARCH_PATHS_QUOTED_FOR_TARGET_39)",
					"$(LIBRARY_SEARCH_PATHS_QUOTED_FOR_TARGET_40)",
					"$(LIBRARY_SEARCH_PATHS_QUOTED_FOR_TARGET_41)",
					"$(LIBRARY_SEARCH_PATHS_QUOTED_FOR_TARGET_42)",
					"$(LIBRARY_SEARCH_PATHS_QUOTED_FOR_TARGET_43)",
					"$(LIBRARY_SEARCH_PATHS_QUOTED_FOR_TARGET_44)",
					"$(LIBRARY_SEARCH_PATHS_QUOTED_FOR_TARGET_45)",
					"$(LIBRARY_SEARCH_PATHS_QUOTED_FOR_TARGET_46)",
					"$(LIBRARY_SEARCH_PATHS_QUOTED_FOR_TARGET_47)",
					"$(LIBRARY_SEARCH_PATHS_QUOTED_FOR_TARGET_48)",
					"$(LIBRARY_SEARCH_PATHS_QUOTED_FOR_TARGET_49)",
					"$(LIBRARY_SEARCH_PATHS_QUOTED_FOR_TARGET_50)",
					"$(LIBRARY_SEARCH_PATHS_QUOTED_FOR_TARGET_51)",
					"$(LIBRARY_SEARCH_PATHS_QUOTED_FOR_TARGET_52)",
				);
				PREBINDING = NO;
				PRODUCT_NAME = billboardParticleDebug;
				WRAPPER_EXTENSION = app;
			};
			name = Debug;
		};
		E4B69B610A3A1757003C02F2 /* Release */ = {
			isa = XCBuildConfiguration;
			buildSettings = {
				COPY_PHASE_STRIP = YES;
				FRAMEWORK_SEARCH_PATHS = (
					"$(inherited)",
					"$(FRAMEWORK_SEARCH_PATHS_QUOTED_FOR_TARGET_1)",
					"$(FRAMEWORK_SEARCH_PATHS_QUOTED_FOR_TARGET_2)",
				);
				FRAMEWORK_SEARCH_PATHS_QUOTED_FOR_TARGET_1 = "\"$(SRCROOT)/../../../libs/glut/lib/osx\"";
				FRAMEWORK_SEARCH_PATHS_QUOTED_FOR_TARGET_2 = "\"$(SRCROOT)/../../../addons/ofxSyphon/libs/Syphon/lib/osx\"";
				GCC_ENABLE_FIX_AND_CONTINUE = NO;
				GCC_GENERATE_DEBUGGING_SYMBOLS = YES;
				GCC_MODEL_TUNING = NONE;
				GCC_PRECOMPILE_PREFIX_HEADER = YES;
				GCC_PREFIX_HEADER = "$(SYSTEM_LIBRARY_DIR)/Frameworks/Carbon.framework/Headers/Carbon.h";
				INFOPLIST_FILE = "openFrameworks-Info.plist";
				INSTALL_PATH = "$(HOME)/Applications";
				LIBRARY_SEARCH_PATHS = (
					"$(inherited)",
					"$(LIBRARY_SEARCH_PATHS_QUOTED_FOR_TARGET_1)",
					"$(LIBRARY_SEARCH_PATHS_QUOTED_FOR_TARGET_2)",
					"$(LIBRARY_SEARCH_PATHS_QUOTED_FOR_TARGET_3)",
					"$(LIBRARY_SEARCH_PATHS_QUOTED_FOR_TARGET_4)",
					"$(LIBRARY_SEARCH_PATHS_QUOTED_FOR_TARGET_5)",
					"$(LIBRARY_SEARCH_PATHS_QUOTED_FOR_TARGET_6)",
					"$(LIBRARY_SEARCH_PATHS_QUOTED_FOR_TARGET_7)",
					"$(LIBRARY_SEARCH_PATHS_QUOTED_FOR_TARGET_8)",
					"$(LIBRARY_SEARCH_PATHS_QUOTED_FOR_TARGET_9)",
					"$(LIBRARY_SEARCH_PATHS_QUOTED_FOR_TARGET_10)",
					"$(LIBRARY_SEARCH_PATHS_QUOTED_FOR_TARGET_11)",
					"$(LIBRARY_SEARCH_PATHS_QUOTED_FOR_TARGET_12)",
					"$(LIBRARY_SEARCH_PATHS_QUOTED_FOR_TARGET_13)",
					"$(LIBRARY_SEARCH_PATHS_QUOTED_FOR_TARGET_14)",
					"$(LIBRARY_SEARCH_PATHS_QUOTED_FOR_TARGET_15)",
					"$(LIBRARY_SEARCH_PATHS_QUOTED_FOR_TARGET_2)",
					"$(LIBRARY_SEARCH_PATHS_QUOTED_1)",
					"$(LIBRARY_SEARCH_PATHS_QUOTED_FOR_TARGET_3)",
					"$(LIBRARY_SEARCH_PATHS_QUOTED_FOR_TARGET_7)",
					"$(LIBRARY_SEARCH_PATHS_QUOTED_FOR_TARGET_8)",
					"$(LIBRARY_SEARCH_PATHS_QUOTED_FOR_TARGET_9)",
					"$(LIBRARY_SEARCH_PATHS_QUOTED_FOR_TARGET_10)",
					"$(LIBRARY_SEARCH_PATHS_QUOTED_FOR_TARGET_11)",
					"$(LIBRARY_SEARCH_PATHS_QUOTED_FOR_TARGET_12)",
					"$(LIBRARY_SEARCH_PATHS_QUOTED_FOR_TARGET_13)",
					"$(LIBRARY_SEARCH_PATHS_QUOTED_FOR_TARGET_16)",
					"$(LIBRARY_SEARCH_PATHS_QUOTED_FOR_TARGET_17)",
					"$(LIBRARY_SEARCH_PATHS_QUOTED_FOR_TARGET_18)",
					"$(LIBRARY_SEARCH_PATHS_QUOTED_FOR_TARGET_19)",
					"$(LIBRARY_SEARCH_PATHS_QUOTED_FOR_TARGET_20)",
					"$(LIBRARY_SEARCH_PATHS_QUOTED_FOR_TARGET_21)",
					"$(LIBRARY_SEARCH_PATHS_QUOTED_FOR_TARGET_22)",
					"$(LIBRARY_SEARCH_PATHS_QUOTED_FOR_TARGET_23)",
					"$(LIBRARY_SEARCH_PATHS_QUOTED_FOR_TARGET_24)",
					"$(LIBRARY_SEARCH_PATHS_QUOTED_FOR_TARGET_25)",
					"$(LIBRARY_SEARCH_PATHS_QUOTED_FOR_TARGET_26)",
					"$(LIBRARY_SEARCH_PATHS_QUOTED_FOR_TARGET_27)",
					"$(LIBRARY_SEARCH_PATHS_QUOTED_FOR_TARGET_28)",
					"$(LIBRARY_SEARCH_PATHS_QUOTED_FOR_TARGET_29)",
					"$(LIBRARY_SEARCH_PATHS_QUOTED_FOR_TARGET_30)",
					"$(LIBRARY_SEARCH_PATHS_QUOTED_FOR_TARGET_31)",
					"$(LIBRARY_SEARCH_PATHS_QUOTED_FOR_TARGET_32)",
					"$(LIBRARY_SEARCH_PATHS_QUOTED_FOR_TARGET_33)",
					"$(LIBRARY_SEARCH_PATHS_QUOTED_FOR_TARGET_34)",
					"$(LIBRARY_SEARCH_PATHS_QUOTED_FOR_TARGET_35)",
					"$(LIBRARY_SEARCH_PATHS_QUOTED_FOR_TARGET_36)",
					"$(LIBRARY_SEARCH_PATHS_QUOTED_FOR_TARGET_37)",
					"$(LIBRARY_SEARCH_PATHS_QUOTED_FOR_TARGET_38)",
					"$(LIBRARY_SEARCH_PATHS_QUOTED_FOR_TARGET_39)",
					"$(LIBRARY_SEARCH_PATHS_QUOTED_FOR_TARGET_40)",
					"$(LIBRARY_SEARCH_PATHS_QUOTED_FOR_TARGET_41)",
					"$(LIBRARY_SEARCH_PATHS_QUOTED_FOR_TARGET_42)",
					"$(LIBRARY_SEARCH_PATHS_QUOTED_FOR_TARGET_43)",
					"$(LIBRARY_SEARCH_PATHS_QUOTED_FOR_TARGET_44)",
					"$(LIBRARY_SEARCH_PATHS_QUOTED_FOR_TARGET_45)",
					"$(LIBRARY_SEARCH_PATHS_QUOTED_FOR_TARGET_46)",
					"$(LIBRARY_SEARCH_PATHS_QUOTED_FOR_TARGET_47)",
					"$(LIBRARY_SEARCH_PATHS_QUOTED_FOR_TARGET_48)",
					"$(LIBRARY_SEARCH_PATHS_QUOTED_FOR_TARGET_49)",
					"$(LIBRARY_SEARCH_PATHS_QUOTED_FOR_TARGET_50)",
					"$(LIBRARY_SEARCH_PATHS_QUOTED_FOR_TARGET_51)",
				);
				PREBINDING = NO;
				PRODUCT_NAME = billboardParticle;
				WRAPPER_EXTENSION = app;
			};
			name = Release;
		};
/* End XCBuildConfiguration section */

/* Begin XCConfigurationList section */
		E4B69B4D0A3A1720003C02F2 /* Build configuration list for PBXProject "billboardParticle" */ = {
			isa = XCConfigurationList;
			buildConfigurations = (
				E4B69B4E0A3A1720003C02F2 /* Debug */,
				E4B69B4F0A3A1720003C02F2 /* Release */,
			);
			defaultConfigurationIsVisible = 0;
			defaultConfigurationName = Release;
		};
		E4B69B5F0A3A1757003C02F2 /* Build configuration list for PBXNativeTarget "billboardParticle" */ = {
			isa = XCConfigurationList;
			buildConfigurations = (
				E4B69B600A3A1757003C02F2 /* Debug */,
				E4B69B610A3A1757003C02F2 /* Release */,
			);
			defaultConfigurationIsVisible = 0;
			defaultConfigurationName = Release;
		};
/* End XCConfigurationList section */
	};
	rootObject = E4B69B4C0A3A1720003C02F2 /* Project object */;
}
